
Microsoft Visual Studio Solution File, Format Version 12.00
# Visual Studio Version 17
VisualStudioVersion = 17.5.33424.131
MinimumVisualStudioVersion = 10.0.40219.1
Project("{FAE04EC0-301F-11D3-BF4B-00C04F79EFBC}") = "SkyrimChallengesStuff", "SkyrimChallengesStuff.csproj", "{83D79700-8781-4BAF-B0DD-3D45E00D0C43}"
EndProject
Global
	GlobalSection(SolutionConfigurationPlatforms) = preSolution
		Debug|Any CPU = Debug|Any CPU
		Release|Any CPU = Release|Any CPU
	EndGlobalSection
	GlobalSection(ProjectConfigurationPlatforms) = postSolution
		{83D79700-8781-4BAF-B0DD-3D45E00D0C43}.Debug|Any CPU.ActiveCfg = Debug|Any CPU
		{83D79700-8781-4BAF-B0DD-3D45E00D0C43}.Debug|Any CPU.Build.0 = Debug|Any CPU
		{83D79700-8781-4BAF-B0DD-3D45E00D0C43}.Release|Any CPU.ActiveCfg = Release|Any CPU
		{83D79700-8781-4BAF-B0DD-3D45E00D0C43}.Release|Any CPU.Build.0 = Release|Any CPU
	EndGlobalSection
	GlobalSection(SolutionProperties) = preSolution
		HideSolutionNode = FALSE
	EndGlobalSection
	GlobalSection(ExtensibilityGlobals) = postSolution
		SolutionGuid = {6AD7C432-0431-470E-BA9F-5E8E68086FAF}
	EndGlobalSection
EndGlobal
